{"1.2.0",
[{<<"color">>,{pkg,<<"erlang_color">>,<<"1.0.0">>},1},
 {<<"cowboy">>,{pkg,<<"cowboy">>,<<"2.8.0">>},0},
 {<<"cowlib">>,{pkg,<<"cowlib">>,<<"2.9.1">>},1},
 {<<"fs">>,{pkg,<<"fs">>,<<"8.6.1">>},0},
 {<<"jiffy">>,{pkg,<<"jiffy">>,<<"1.0.8">>},0},
 {<<"ranch">>,{pkg,<<"ranch">>,<<"1.7.1">>},1},
 {<<"recon">>,{pkg,<<"recon">>,<<"2.5.2">>},0},
 {<<"tdiff">>,{pkg,<<"tdiff">>,<<"0.1.2">>},1},
 {<<"unite">>,{pkg,<<"unite">>,<<"0.3.1">>},0}]}.
[
{pkg_hash,[
 {<<"color">>, <<"145FE1D2E65C4516E4F03FEFCA6C2F47EBAD5899D978D70382A5CFE643E4AC9E">>},
 {<<"cowboy">>, <<"F3DC62E35797ECD9AC1B50DB74611193C29815401E53BAC9A5C0577BD7BC667D">>},
 {<<"cowlib">>, <<"61A6C7C50CF07FDD24B2F45B89500BB93B6686579B069A89F88CB211E1125C78">>},
 {<<"fs">>, <<"7C9C0D0211E8C520E4E9EDA63B960605C2711839F47285E6166C332D973BE8EA">>},
 {<<"jiffy">>, <<"60E36F00BE35E5AC6E6CF2D4CAF3BDF3103D4460AFF385F543A8D7DF2D6D9613">>},
 {<<"ranch">>, <<"6B1FAB51B49196860B733A49C07604465A47BDB78AA10C1C16A3D199F7F8C881">>},
 {<<"recon">>, <<"CBA53FA8DB83AD968C9A652E09C3ED7DDCC4DA434F27C3EAA9CA47FFB2B1FF03">>},
 {<<"tdiff">>, <<"4E1B30321F1B3D600DF65CD60858EDE1235FE4E5EE042110AB5AD90CD6464AC5">>},
 {<<"unite">>, <<"6B2E73A2E8DEBFF848A65B8DBE19509A6C4D60B40D1CDF686CEA365C0F247355">>}]},
{pkg_hash_ext,[
 {<<"color">>, <<"6B17E5E589C8FEF540574C9EA32B67CEC2C8A44283AAFE474D6E5818FB3EE038">>},
 {<<"cowboy">>, <<"4643E4FBA74AC96D4D152C75803DE6FAD0B3FA5DF354C71AFDD6CBEEB15FAC8A">>},
 {<<"cowlib">>, <<"E4175DC240A70D996156160891E1C62238EDE1729E45740BDD38064DAD476170">>},
 {<<"fs">>, <<"61EA2BDAEDAE4E2024D0D25C63E44DCCF65622D4402DB4A2DF12868D1546503F">>},
 {<<"jiffy">>, <<"F9AE986BA5A0854EB48CF6A76192D9367086DA86C20197DA430630BE7C087A4E">>},
 {<<"ranch">>, <<"451D8527787DF716D99DC36162FCA05934915DB0B6141BBDAC2EA8D3C7AFC7D7">>},
 {<<"recon">>, <<"2C7523C8DEE91DFF41F6B3D63CBA2BD49EB6D2FE5BF1EEC0DF7F87EB5E230E1C">>},
 {<<"tdiff">>, <<"E0C2E168F99252A5889768D5C8F1E6510A184592D4CFA06B22778A18D33D7875">>},
 {<<"unite">>, <<"250B7E74443CA99FE9AAB0E3A6B7B6004C3329CAE519C7A79C3EEBFBE4A8A7D2">>}]}
].
